{
  "name": "anydoc-dashboard",
  "version": "1.0.0",
  "lockfileVersion": 3,
  "requires": true,
  "packages": {
    "": {
      "name": "anydoc-dashboard",
      "version": "1.0.0",
      "license": "ISC",
      "dependencies": {
        "@firecrawl/anydoc-wasm": "^0.1.9"
      }
    },
    "node_modules/@firecrawl/anydoc-wasm": {
      "version": "0.1.9",
      "resolved": "https://registry.npmjs.org/@firecrawl/anydoc-wasm/-/anydoc-wasm-0.1.9.tgz",
      "integrity": "sha512-wxUAR6zoK6Tc17CKmfFxtjJ8pkvVWsZtnk9lyFQ/gQQbTbWp1LKIpMerFigu95NEa4bp3z+dpaoTbB2uZV7REQ==",
      "license": "MIT"
    }
  }
}
